
Microsoft Visual Studio Solution File, Format Version 12.00
# Visual Studio Version 16
VisualStudioVersion = 16.0.30320.27
MinimumVisualStudioVersion = 10.0.40219.1
Project("{FAE04EC0-301F-11D3-BF4B-00C04F79EFBC}") = "EstoqueApi", "EstoqueApi\EstoqueApi.csproj", "{775E0F2D-E869-4DF1-BB37-A45AA71EFD94}"
EndProject
Global
	GlobalSection(SolutionConfigurationPlatforms) = preSolution
		Debug|Any CPU = Debug|Any CPU
		Release|Any CPU = Release|Any CPU
	EndGlobalSection
	GlobalSection(ProjectConfigurationPlatforms) = postSolution
		{775E0F2D-E869-4DF1-BB37-A45AA71EFD94}.Debug|Any CPU.ActiveCfg = Debug|Any CPU
		{775E0F2D-E869-4DF1-BB37-A45AA71EFD94}.Debug|Any CPU.Build.0 = Debug|Any CPU
		{775E0F2D-E869-4DF1-BB37-A45AA71EFD94}.Release|Any CPU.ActiveCfg = Release|Any CPU
		{775E0F2D-E869-4DF1-BB37-A45AA71EFD94}.Release|Any CPU.Build.0 = Release|Any CPU
	EndGlobalSection
	GlobalSection(SolutionProperties) = preSolution
		HideSolutionNode = FALSE
	EndGlobalSection
	GlobalSection(ExtensibilityGlobals) = postSolution
		SolutionGuid = {D2F3827D-72E8-4929-B901-BD0FBC1BDAD3}
	EndGlobalSection
EndGlobal
